
Microsoft Visual Studio Solution File, Format Version 12.00
# Visual Studio Version 17
VisualStudioVersion = 17.13.35825.156 d17.13
MinimumVisualStudioVersion = 10.0.40219.1
Project("{FAE04EC0-301F-11D3-BF4B-00C04F79EFBC}") = "Aplicación de Control de Inventarios para una Farmacia", "Aplicación de Control de Inventarios para una Farmacia\Aplicación de Control de Inventarios para una Farmacia.csproj", "{CB6463A4-2A2D-474D-8736-11A66FA3E6B6}"
EndProject
Global
	GlobalSection(SolutionConfigurationPlatforms) = preSolution
		Debug|Any CPU = Debug|Any CPU
		Release|Any CPU = Release|Any CPU
	EndGlobalSection
	GlobalSection(ProjectConfigurationPlatforms) = postSolution
		{CB6463A4-2A2D-474D-8736-11A66FA3E6B6}.Debug|Any CPU.ActiveCfg = Debug|Any CPU
		{CB6463A4-2A2D-474D-8736-11A66FA3E6B6}.Debug|Any CPU.Build.0 = Debug|Any CPU
		{CB6463A4-2A2D-474D-8736-11A66FA3E6B6}.Release|Any CPU.ActiveCfg = Release|Any CPU
		{CB6463A4-2A2D-474D-8736-11A66FA3E6B6}.Release|Any CPU.Build.0 = Release|Any CPU
	EndGlobalSection
	GlobalSection(SolutionProperties) = preSolution
		HideSolutionNode = FALSE
	EndGlobalSection
	GlobalSection(ExtensibilityGlobals) = postSolution
		SolutionGuid = {9BD96F46-31A0-4633-B676-8F9A6ADD50FE}
	EndGlobalSection
EndGlobal
